
Microsoft Visual Studio Solution File, Format Version 12.00
# Visual Studio Version 17
VisualStudioVersion = 17.5.002.0
MinimumVisualStudioVersion = 10.0.40219.1
Project("{9A19103F-16F7-4668-BE54-9A1E7A4F7556}") = "YATDA.TaskService", "src\YATDA.TaskService.csproj", "{436D471B-6003-43BE-88F7-6DB1A890B641}"
EndProject
Global
	GlobalSection(SolutionConfigurationPlatforms) = preSolution
		Debug|Any CPU = Debug|Any CPU
		Release|Any CPU = Release|Any CPU
	EndGlobalSection
	GlobalSection(ProjectConfigurationPlatforms) = postSolution
		{436D471B-6003-43BE-88F7-6DB1A890B641}.Debug|Any CPU.ActiveCfg = Debug|Any CPU
		{436D471B-6003-43BE-88F7-6DB1A890B641}.Debug|Any CPU.Build.0 = Debug|Any CPU
		{436D471B-6003-43BE-88F7-6DB1A890B641}.Release|Any CPU.ActiveCfg = Release|Any CPU
		{436D471B-6003-43BE-88F7-6DB1A890B641}.Release|Any CPU.Build.0 = Release|Any CPU
	EndGlobalSection
	GlobalSection(SolutionProperties) = preSolution
		HideSolutionNode = FALSE
	EndGlobalSection
	GlobalSection(ExtensibilityGlobals) = postSolution
		SolutionGuid = {15AE32BF-AA56-4F7E-8562-32D86570602D}
	EndGlobalSection
EndGlobal
